
Microsoft Visual Studio Solution File, Format Version 12.00
# Visual Studio Version 16
VisualStudioVersion = 16.0.28606.126
MinimumVisualStudioVersion = 10.0.40219.1
Project("{FAE04EC0-301F-11D3-BF4B-00C04F79EFBC}") = "ConsumingApiHelper", "ConsumingApiHelper\ConsumingApiHelper.csproj", "{BE6F0A2C-233D-4F4A-8381-1213C068C1F9}"
EndProject
Global
	GlobalSection(SolutionConfigurationPlatforms) = preSolution
		Debug|Any CPU = Debug|Any CPU
		Release|Any CPU = Release|Any CPU
	EndGlobalSection
	GlobalSection(ProjectConfigurationPlatforms) = postSolution
		{BE6F0A2C-233D-4F4A-8381-1213C068C1F9}.Debug|Any CPU.ActiveCfg = Debug|Any CPU
		{BE6F0A2C-233D-4F4A-8381-1213C068C1F9}.Debug|Any CPU.Build.0 = Debug|Any CPU
		{BE6F0A2C-233D-4F4A-8381-1213C068C1F9}.Release|Any CPU.ActiveCfg = Release|Any CPU
		{BE6F0A2C-233D-4F4A-8381-1213C068C1F9}.Release|Any CPU.Build.0 = Release|Any CPU
	EndGlobalSection
	GlobalSection(SolutionProperties) = preSolution
		HideSolutionNode = FALSE
	EndGlobalSection
	GlobalSection(ExtensibilityGlobals) = postSolution
		SolutionGuid = {8292974A-3D2A-4ECF-9FFB-5FE08C13EB4B}
	EndGlobalSection
EndGlobal
